
Microsoft Visual Studio Solution File, Format Version 12.00
# Visual Studio Version 16
VisualStudioVersion = 16.0.29503.13
MinimumVisualStudioVersion = 10.0.40219.1
Project("{FAE04EC0-301F-11D3-BF4B-00C04F79EFBC}") = "chatbaqueBot", "chatbaqueBot\chatbaqueBot.csproj", "{40B7C700-779E-409F-A369-6A4514EE5D65}"
EndProject
Global
	GlobalSection(SolutionConfigurationPlatforms) = preSolution
		Debug|Any CPU = Debug|Any CPU
		Release|Any CPU = Release|Any CPU
	EndGlobalSection
	GlobalSection(ProjectConfigurationPlatforms) = postSolution
		{40B7C700-779E-409F-A369-6A4514EE5D65}.Debug|Any CPU.ActiveCfg = Debug|Any CPU
		{40B7C700-779E-409F-A369-6A4514EE5D65}.Debug|Any CPU.Build.0 = Debug|Any CPU
		{40B7C700-779E-409F-A369-6A4514EE5D65}.Release|Any CPU.ActiveCfg = Release|Any CPU
		{40B7C700-779E-409F-A369-6A4514EE5D65}.Release|Any CPU.Build.0 = Release|Any CPU
	EndGlobalSection
	GlobalSection(SolutionProperties) = preSolution
		HideSolutionNode = FALSE
	EndGlobalSection
	GlobalSection(ExtensibilityGlobals) = postSolution
		SolutionGuid = {447B1FBC-7BAA-40F3-93FA-72A348B25212}
	EndGlobalSection
EndGlobal
